
Microsoft Visual Studio Solution File, Format Version 12.00
# Visual Studio Version 17
VisualStudioVersion = 17.6.33723.286
MinimumVisualStudioVersion = 10.0.40219.1
Project("{FAE04EC0-301F-11D3-BF4B-00C04F79EFBC}") = "ProductOperations", "ProductOperations\ProductOperations.csproj", "{11DE836D-61F5-4F45-BEC6-49C29BDC4FB3}"
EndProject
Global
	GlobalSection(SolutionConfigurationPlatforms) = preSolution
		Debug|Any CPU = Debug|Any CPU
		Release|Any CPU = Release|Any CPU
	EndGlobalSection
	GlobalSection(ProjectConfigurationPlatforms) = postSolution
		{11DE836D-61F5-4F45-BEC6-49C29BDC4FB3}.Debug|Any CPU.ActiveCfg = Debug|Any CPU
		{11DE836D-61F5-4F45-BEC6-49C29BDC4FB3}.Debug|Any CPU.Build.0 = Debug|Any CPU
		{11DE836D-61F5-4F45-BEC6-49C29BDC4FB3}.Release|Any CPU.ActiveCfg = Release|Any CPU
		{11DE836D-61F5-4F45-BEC6-49C29BDC4FB3}.Release|Any CPU.Build.0 = Release|Any CPU
	EndGlobalSection
	GlobalSection(SolutionProperties) = preSolution
		HideSolutionNode = FALSE
	EndGlobalSection
	GlobalSection(ExtensibilityGlobals) = postSolution
		SolutionGuid = {683B8617-1C17-4100-A967-350F59F2F344}
	EndGlobalSection
EndGlobal
